lockfileVersion: '6.0'

settings:
  autoInstallPeers: true
  excludeLinksFromLockfile: false

importers:

  .:
    devDependencies:
      '@tsconfig/node18':
        specifier: ^18.2.4
        version: 18.2.4
      typescript:
        specifier: ^5.4.4
        version: 5.4.4

  client:
    dependencies:
      '@trpc/client':
        specifier: ^10.45.2
        version: 10.45.2(@trpc/server@10.45.2)
      '@trpc/server':
        specifier: ^10.45.2
        version: 10.45.2

  server:
    dependencies:
      '@trpc/client':
        specifier: ^10.45.2
        version: 10.45.2(@trpc/server@10.45.2)
      '@trpc/server':
        specifier: ^10.45.2
        version: 10.45.2
      zod:
        specifier: ^3.22.4
        version: 3.22.4

packages:

  /@trpc/client@10.45.2(@trpc/server@10.45.2):
    resolution: {integrity: sha512-ykALM5kYWTLn1zYuUOZ2cPWlVfrXhc18HzBDyRhoPYN0jey4iQHEFSEowfnhg1RvYnrAVjNBgHNeSAXjrDbGwg==}
    peerDependencies:
      '@trpc/server': 10.45.2
    dependencies:
      '@trpc/server': 10.45.2
    dev: false

  /@trpc/server@10.45.2:
    resolution: {integrity: sha512-wOrSThNNE4HUnuhJG6PfDRp4L2009KDVxsd+2VYH8ro6o/7/jwYZ8Uu5j+VaW+mOmc8EHerHzGcdbGNQSAUPgg==}
    dev: false

  /@tsconfig/node18@18.2.4:
    resolution: {integrity: sha512-5xxU8vVs9/FNcvm3gE07fPbn9tl6tqGGWA9tSlwsUEkBxtRnTsNmwrV8gasZ9F/EobaSv9+nu8AxUKccw77JpQ==}
    dev: true

  /typescript@5.4.4:
    resolution: {integrity: sha512-dGE2Vv8cpVvw28v8HCPqyb08EzbBURxDpuhJvTrusShUfGnhHBafDsLdS1EhhxyL6BJQE+2cT3dDPAv+MQ6oLw==}
    engines: {node: '>=14.17'}
    hasBin: true
    dev: true

  /zod@3.22.4:
    resolution: {integrity: sha512-iC+8Io04lddc+mVqQ9AZ7OQ2MrUKGN+oIQyq1vemgt46jwCwLfhq7/pwnBnNXXXZb8VTVLKwp9EDkx+ryxIWmg==}
    dev: false
